
Microsoft Visual Studio Solution File, Format Version 12.00
# Visual Studio Version 17
VisualStudioVersion = 17.0.31903.59
MinimumVisualStudioVersion = 10.0.40219.1
Project("{FAE04EC0-301F-11D3-BF4B-00C04F79EFBC}") = "day1", "day1\day1.csproj", "{6818031B-3B69-4A81-99B8-0BA6DEF82FB7}"
EndProject
Project("{FAE04EC0-301F-11D3-BF4B-00C04F79EFBC}") = "day2", "day2\day2.csproj", "{5F512720-8B36-4BB8-B4BF-391CECCB85CC}"
EndProject
Project("{FAE04EC0-301F-11D3-BF4B-00C04F79EFBC}") = "day4", "day4\day4.csproj", "{67715B9C-9FDA-4BA9-8944-3D7C6F662D1B}"
EndProject
Project("{FAE04EC0-301F-11D3-BF4B-00C04F79EFBC}") = "day3", "day3\day3.csproj", "{4A86E7D0-B56D-40B5-8749-2F6D5EFAD5ED}"
EndProject
Project("{FAE04EC0-301F-11D3-BF4B-00C04F79EFBC}") = "template", "template\template.csproj", "{2C2A0BE8-1655-44E6-94FE-08C8208E47C4}"
EndProject
Global
	GlobalSection(SolutionConfigurationPlatforms) = preSolution
		Debug|Any CPU = Debug|Any CPU
		Release|Any CPU = Release|Any CPU
	EndGlobalSection
	GlobalSection(SolutionProperties) = preSolution
		HideSolutionNode = FALSE
	EndGlobalSection
	GlobalSection(ProjectConfigurationPlatforms) = postSolution
		{6818031B-3B69-4A81-99B8-0BA6DEF82FB7}.Debug|Any CPU.ActiveCfg = Debug|Any CPU
		{6818031B-3B69-4A81-99B8-0BA6DEF82FB7}.Debug|Any CPU.Build.0 = Debug|Any CPU
		{6818031B-3B69-4A81-99B8-0BA6DEF82FB7}.Release|Any CPU.ActiveCfg = Release|Any CPU
		{6818031B-3B69-4A81-99B8-0BA6DEF82FB7}.Release|Any CPU.Build.0 = Release|Any CPU
		{5F512720-8B36-4BB8-B4BF-391CECCB85CC}.Debug|Any CPU.ActiveCfg = Debug|Any CPU
		{5F512720-8B36-4BB8-B4BF-391CECCB85CC}.Debug|Any CPU.Build.0 = Debug|Any CPU
		{5F512720-8B36-4BB8-B4BF-391CECCB85CC}.Release|Any CPU.ActiveCfg = Release|Any CPU
		{5F512720-8B36-4BB8-B4BF-391CECCB85CC}.Release|Any CPU.Build.0 = Release|Any CPU
		{67715B9C-9FDA-4BA9-8944-3D7C6F662D1B}.Debug|Any CPU.ActiveCfg = Debug|Any CPU
		{67715B9C-9FDA-4BA9-8944-3D7C6F662D1B}.Debug|Any CPU.Build.0 = Debug|Any CPU
		{67715B9C-9FDA-4BA9-8944-3D7C6F662D1B}.Release|Any CPU.ActiveCfg = Release|Any CPU
		{67715B9C-9FDA-4BA9-8944-3D7C6F662D1B}.Release|Any CPU.Build.0 = Release|Any CPU
		{4A86E7D0-B56D-40B5-8749-2F6D5EFAD5ED}.Debug|Any CPU.ActiveCfg = Debug|Any CPU
		{4A86E7D0-B56D-40B5-8749-2F6D5EFAD5ED}.Debug|Any CPU.Build.0 = Debug|Any CPU
		{4A86E7D0-B56D-40B5-8749-2F6D5EFAD5ED}.Release|Any CPU.ActiveCfg = Release|Any CPU
		{4A86E7D0-B56D-40B5-8749-2F6D5EFAD5ED}.Release|Any CPU.Build.0 = Release|Any CPU
		{2C2A0BE8-1655-44E6-94FE-08C8208E47C4}.Debug|Any CPU.ActiveCfg = Debug|Any CPU
		{2C2A0BE8-1655-44E6-94FE-08C8208E47C4}.Debug|Any CPU.Build.0 = Debug|Any CPU
		{2C2A0BE8-1655-44E6-94FE-08C8208E47C4}.Release|Any CPU.ActiveCfg = Release|Any CPU
		{2C2A0BE8-1655-44E6-94FE-08C8208E47C4}.Release|Any CPU.Build.0 = Release|Any CPU
	EndGlobalSection
EndGlobal
